// !$*UTF8*$!
{
	archiveVersion = 1;
	classes = {
	};
	objectVersion = 51;
	objects = {

/* Begin PBXBuildFile section */
		33A171F271158E4E9AB172F9 /* Pods_Simple_Weather_AppTests.framework in Frameworks */ = {isa = PBXBuildFile; fileRef = 85389855AEFB754A71F94479 /* Pods_Simple_Weather_AppTests.framework */; };
		79D1079D44293C59D569114B /* Pods_Simple_Weather_App_Simple_Weather_AppUITests.framework in Frameworks */ = {isa = PBXBuildFile; fileRef = 6A7AA69042CD90419B335039 /* Pods_Simple_Weather_App_Simple_Weather_AppUITests.framework */; };
		EA8ACD9DB92502304B7507F7 /* Pods_Simple_Weather_App.framework in Frameworks */ = {isa = PBXBuildFile; fileRef = 57B977FCAD7F4A1EFD14727F /* Pods_Simple_Weather_App.framework */; };
		ED2EA07F262CBDD200953204 /* Simple_Weather_AppApp.swift in Sources */ = {isa = PBXBuildFile; fileRef = ED2EA07E262CBDD200953204 /* Simple_Weather_AppApp.swift */; };
		ED2EA081262CBDD200953204 /* MainView.swift in Sources */ = {isa = PBXBuildFile; fileRef = ED2EA080262CBDD200953204 /* MainView.swift */; };
		ED2EA083262CBDD600953204 /* Assets.xcassets in Resources */ = {isa = PBXBuildFile; fileRef = ED2EA082262CBDD600953204 /* Assets.xcassets */; };
		ED2EA086262CBDD600953204 /* Preview Assets.xcassets in Resources */ = {isa = PBXBuildFile; fileRef = ED2EA085262CBDD600953204 /* Preview Assets.xcassets */; };
		ED2EA091262CBDD700953204 /* Simple_Weather_AppTests.swift in Sources */ = {isa = PBXBuildFile; fileRef = ED2EA090262CBDD700953204 /* Simple_Weather_AppTests.swift */; };
		ED2EA09C262CBDD700953204 /* Simple_Weather_AppUITests.swift in Sources */ = {isa = PBXBuildFile; fileRef = ED2EA09B262CBDD700953204 /* Simple_Weather_AppUITests.swift */; };
		ED2EA0B7262CBE9400953204 /* WeatherManager.swift in Sources */ = {isa = PBXBuildFile; fileRef = ED2EA0B6262CBE9400953204 /* WeatherManager.swift */; };
		ED2EA0BC262CBF2F00953204 /* WeatherResults.swift in Sources */ = {isa = PBXBuildFile; fileRef = ED2EA0BB262CBF2F00953204 /* WeatherResults.swift */; };
		ED2EA0C1262CC0C800953204 /* WeatherModel.swift in Sources */ = {isa = PBXBuildFile; fileRef = ED2EA0C0262CC0C800953204 /* WeatherModel.swift */; };
		ED2EA0CF262CC81B00953204 /* MainViewModel.swift in Sources */ = {isa = PBXBuildFile; fileRef = ED2EA0CE262CC81B00953204 /* MainViewModel.swift */; };
		ED2EA0D4262CC87500953204 /* K.swift in Sources */ = {isa = PBXBuildFile; fileRef = ED2EA0D3262CC87500953204 /* K.swift */; };
		ED2EA0DC262CE22300953204 /* LocationManager.swift in Sources */ = {isa = PBXBuildFile; fileRef = ED2EA0DB262CE22300953204 /* LocationManager.swift */; };
		ED2EA0E1262CE24F00953204 /* LocationModel.swift in Sources */ = {isa = PBXBuildFile; fileRef = ED2EA0E0262CE24F00953204 /* LocationModel.swift */; };
		ED2EA0EC262D228200953204 /* Extensions.swift in Sources */ = {isa = PBXBuildFile; fileRef = ED2EA0EB262D228100953204 /* Extensions.swift */; };
		ED2EA0F2262D24DB00953204 /* FredokaOne-Regular.ttf in Resources */ = {isa = PBXBuildFile; fileRef = ED2EA0F1262D24DB00953204 /* FredokaOne-Regular.ttf */; };
		ED2EA0FA262D2DC700953204 /* AlertView.swift in Sources */ = {isa = PBXBuildFile; fileRef = ED2EA0F9262D2DC700953204 /* AlertView.swift */; };
/* End PBXBuildFile section */

/* Begin PBXContainerItemProxy section */
		ED2EA08D262CBDD700953204 /* PBXContainerItemProxy */ = {
			isa = PBXContainerItemProxy;
			containerPortal = ED2EA073262CBDD200953204 /* Project object */;
			proxyType = 1;
			remoteGlobalIDString = ED2EA07A262CBDD200953204;
			remoteInfo = "Simple Weather App";
		};
		ED2EA098262CBDD700953204 /* PBXContainerItemProxy */ = {
			isa = PBXContainerItemProxy;
			containerPortal = ED2EA073262CBDD200953204 /* Project object */;
			proxyType = 1;
			remoteGlobalIDString = ED2EA07A262CBDD200953204;
			remoteInfo = "Simple Weather App";
		};
/* End PBXContainerItemProxy section */

/* Begin PBXFileReference section */
		0C2289C48ADF009C24E58D93 /* Pods-Simple Weather App-Simple Weather AppUITests.release.xcconfig */ = {isa = PBXFileReference; includeInIndex = 1; lastKnownFileType = text.xcconfig; name = "Pods-Simple Weather App-Simple Weather AppUITests.release.xcconfig"; path = "Target Support Files/Pods-Simple Weather App-Simple Weather AppUITests/Pods-Simple Weather App-Simple Weather AppUITests.release.xcconfig"; sourceTree = "<group>"; };
		29EDC2243BEDC97195AB199E /* Pods-Simple Weather AppTests.release.xcconfig */ = {isa = PBXFileReference; includeInIndex = 1; lastKnownFileType = text.xcconfig; name = "Pods-Simple Weather AppTests.release.xcconfig"; path = "Target Support Files/Pods-Simple Weather AppTests/Pods-Simple Weather AppTests.release.xcconfig"; sourceTree = "<group>"; };
		2A60365AE5FD3D57A576F86A /* Pods-Simple Weather App.release.xcconfig */ = {isa = PBXFileReference; includeInIndex = 1; lastKnownFileType = text.xcconfig; name = "Pods-Simple Weather App.release.xcconfig"; path = "Target Support Files/Pods-Simple Weather App/Pods-Simple Weather App.release.xcconfig"; sourceTree = "<group>"; };
		57B977FCAD7F4A1EFD14727F /* Pods_Simple_Weather_App.framework */ = {isa = PBXFileReference; explicitFileType = wrapper.framework; includeInIndex = 0; path = Pods_Simple_Weather_App.framework; sourceTree = BUILT_PRODUCTS_DIR; };
		66347482C0E46E92E01F1580 /* Pods-Simple Weather App-Simple Weather AppUITests.debug.xcconfig */ = {isa = PBXFileReference; includeInIndex = 1; lastKnownFileType = text.xcconfig; name = "Pods-Simple Weather App-Simple Weather AppUITests.debug.xcconfig"; path = "Target Support Files/Pods-Simple Weather App-Simple Weather AppUITests/Pods-Simple Weather App-Simple Weather AppUITests.debug.xcconfig"; sourceTree = "<group>"; };
		6A7AA69042CD90419B335039 /* Pods_Simple_Weather_App_Simple_Weather_AppUITests.framework */ = {isa = PBXFileReference; explicitFileType = wrapper.framework; includeInIndex = 0; path = Pods_Simple_Weather_App_Simple_Weather_AppUITests.framework; sourceTree = BUILT_PRODUCTS_DIR; };
		72616DFA45AAE0FCD582AC4D /* Pods-Simple Weather App.debug.xcconfig */ = {isa = PBXFileReference; includeInIndex = 1; lastKnownFileType = text.xcconfig; name = "Pods-Simple Weather App.debug.xcconfig"; path = "Target Support Files/Pods-Simple Weather App/Pods-Simple Weather App.debug.xcconfig"; sourceTree = "<group>"; };
		85389855AEFB754A71F94479 /* Pods_Simple_Weather_AppTests.framework */ = {isa = PBXFileReference; explicitFileType = wrapper.framework; includeInIndex = 0; path = Pods_Simple_Weather_AppTests.framework; sourceTree = BUILT_PRODUCTS_DIR; };
		9B7CEA19085CC7B29342F5AA /* Pods-Simple Weather AppTests.debug.xcconfig */ = {isa = PBXFileReference; includeInIndex = 1; lastKnownFileType = text.xcconfig; name = "Pods-Simple Weather AppTests.debug.xcconfig"; path = "Target Support Files/Pods-Simple Weather AppTests/Pods-Simple Weather AppTests.debug.xcconfig"; sourceTree = "<group>"; };
		ED2EA07B262CBDD200953204 /* Simple Weather App.app */ = {isa = PBXFileReference; explicitFileType = wrapper.application; includeInIndex = 0; path = "Simple Weather App.app"; sourceTree = BUILT_PRODUCTS_DIR; };
		ED2EA07E262CBDD200953204 /* Simple_Weather_AppApp.swift */ = {isa = PBXFileReference; lastKnownFileType = sourcecode.swift; path = Simple_Weather_AppApp.swift; sourceTree = "<group>"; };
		ED2EA080262CBDD200953204 /* MainView.swift */ = {isa = PBXFileReference; lastKnownFileType = sourcecode.swift; path = MainView.swift; sourceTree = "<group>"; };
		ED2EA082262CBDD600953204 /* Assets.xcassets */ = {isa = PBXFileReference; lastKnownFileType = folder.assetcatalog; path = Assets.xcassets; sourceTree = "<group>"; };
		ED2EA085262CBDD600953204 /* Preview Assets.xcassets */ = {isa = PBXFileReference; lastKnownFileType = folder.assetcatalog; path = "Preview Assets.xcassets"; sourceTree = "<group>"; };
		ED2EA087262CBDD600953204 /* Info.plist */ = {isa = PBXFileReference; lastKnownFileType = text.plist.xml; path = Info.plist; sourceTree = "<group>"; };
		ED2EA08C262CBDD700953204 /* Simple Weather AppTests.xctest */ = {isa = PBXFileReference; explicitFileType = wrapper.cfbundle; includeInIndex = 0; path = "Simple Weather AppTests.xctest"; sourceTree = BUILT_PRODUCTS_DIR; };
		ED2EA090262CBDD700953204 /* Simple_Weather_AppTests.swift */ = {isa = PBXFileReference; lastKnownFileType = sourcecode.swift; path = Simple_Weather_AppTests.swift; sourceTree = "<group>"; };
		ED2EA092262CBDD700953204 /* Info.plist */ = {isa = PBXFileReference; lastKnownFileType = text.plist.xml; path = Info.plist; sourceTree = "<group>"; };
		ED2EA097262CBDD700953204 /* Simple Weather AppUITests.xctest */ = {isa = PBXFileReference; explicitFileType = wrapper.cfbundle; includeInIndex = 0; path = "Simple Weather AppUITests.xctest"; sourceTree = BUILT_PRODUCTS_DIR; };
		ED2EA09B262CBDD700953204 /* Simple_Weather_AppUITests.swift */ = {isa = PBXFileReference; lastKnownFileType = sourcecode.swift; path = Simple_Weather_AppUITests.swift; sourceTree = "<group>"; };
		ED2EA09D262CBDD700953204 /* Info.plist */ = {isa = PBXFileReference; lastKnownFileType = text.plist.xml; path = Info.plist; sourceTree = "<group>"; };
		ED2EA0B6262CBE9400953204 /* WeatherManager.swift */ = {isa = PBXFileReference; lastKnownFileType = sourcecode.swift; path = WeatherManager.swift; sourceTree = "<group>"; };
		ED2EA0BB262CBF2F00953204 /* WeatherResults.swift */ = {isa = PBXFileReference; lastKnownFileType = sourcecode.swift; path = WeatherResults.swift; sourceTree = "<group>"; };
		ED2EA0C0262CC0C800953204 /* WeatherModel.swift */ = {isa = PBXFileReference; lastKnownFileType = sourcecode.swift; path = WeatherModel.swift; sourceTree = "<group>"; };
		ED2EA0CE262CC81B00953204 /* MainViewModel.swift */ = {isa = PBXFileReference; lastKnownFileType = sourcecode.swift; path = MainViewModel.swift; sourceTree = "<group>"; };
		ED2EA0D3262CC87500953204 /* K.swift */ = {isa = PBXFileReference; lastKnownFileType = sourcecode.swift; path = K.swift; sourceTree = "<group>"; };
		ED2EA0DB262CE22300953204 /* LocationManager.swift */ = {isa = PBXFileReference; lastKnownFileType = sourcecode.swift; path = LocationManager.swift; sourceTree = "<group>"; };
		ED2EA0E0262CE24F00953204 /* LocationModel.swift */ = {isa = PBXFileReference; lastKnownFileType = sourcecode.swift; path = LocationModel.swift; sourceTree = "<group>"; };
		ED2EA0EB262D228100953204 /* Extensions.swift */ = {isa = PBXFileReference; lastKnownFileType = sourcecode.swift; path = Extensions.swift; sourceTree = "<group>"; };
		ED2EA0F1262D24DB00953204 /* FredokaOne-Regular.ttf */ = {isa = PBXFileReference; lastKnownFileType = file; path = "FredokaOne-Regular.ttf"; sourceTree = "<group>"; };
		ED2EA0F9262D2DC700953204 /* AlertView.swift */ = {isa = PBXFileReference; lastKnownFileType = sourcecode.swift; path = AlertView.swift; sourceTree = "<group>"; };
/* End PBXFileReference section */

/* Begin PBXFrameworksBuildPhase section */
		ED2EA078262CBDD200953204 /* Frameworks */ = {
			isa = PBXFrameworksBuildPhase;
			buildActionMask = 2147483647;
			files = (
				EA8ACD9DB92502304B7507F7 /* Pods_Simple_Weather_App.framework in Frameworks */,
			);
			runOnlyForDeploymentPostprocessing = 0;
		};
		ED2EA089262CBDD700953204 /* Frameworks */ = {
			isa = PBXFrameworksBuildPhase;
			buildActionMask = 2147483647;
			files = (
				33A171F271158E4E9AB172F9 /* Pods_Simple_Weather_AppTests.framework in Frameworks */,
			);
			runOnlyForDeploymentPostprocessing = 0;
		};
		ED2EA094262CBDD700953204 /* Frameworks */ = {
			isa = PBXFrameworksBuildPhase;
			buildActionMask = 2147483647;
			files = (
				79D1079D44293C59D569114B /* Pods_Simple_Weather_App_Simple_Weather_AppUITests.framework in Frameworks */,
			);
			runOnlyForDeploymentPostprocessing = 0;
		};
/* End PBXFrameworksBuildPhase section */

/* Begin PBXGroup section */
		0DAEE65216C12804E4DB08C1 /* Frameworks */ = {
			isa = PBXGroup;
			children = (
				57B977FCAD7F4A1EFD14727F /* Pods_Simple_Weather_App.framework */,
				6A7AA69042CD90419B335039 /* Pods_Simple_Weather_App_Simple_Weather_AppUITests.framework */,
				85389855AEFB754A71F94479 /* Pods_Simple_Weather_AppTests.framework */,
			);
			name = Frameworks;
			sourceTree = "<group>";
		};
		6DA4C12D64DB917E30BF00A6 /* Pods */ = {
			isa = PBXGroup;
			children = (
				72616DFA45AAE0FCD582AC4D /* Pods-Simple Weather App.debug.xcconfig */,
				2A60365AE5FD3D57A576F86A /* Pods-Simple Weather App.release.xcconfig */,
				66347482C0E46E92E01F1580 /* Pods-Simple Weather App-Simple Weather AppUITests.debug.xcconfig */,
				0C2289C48ADF009C24E58D93 /* Pods-Simple Weather App-Simple Weather AppUITests.release.xcconfig */,
				9B7CEA19085CC7B29342F5AA /* Pods-Simple Weather AppTests.debug.xcconfig */,
				29EDC2243BEDC97195AB199E /* Pods-Simple Weather AppTests.release.xcconfig */,
			);
			path = Pods;
			sourceTree = "<group>";
		};
		ED2EA072262CBDD200953204 = {
			isa = PBXGroup;
			children = (
				ED2EA07D262CBDD200953204 /* Simple Weather App */,
				ED2EA08F262CBDD700953204 /* Simple Weather AppTests */,
				ED2EA09A262CBDD700953204 /* Simple Weather AppUITests */,
				ED2EA07C262CBDD200953204 /* Products */,
				6DA4C12D64DB917E30BF00A6 /* Pods */,
				0DAEE65216C12804E4DB08C1 /* Frameworks */,
			);
			sourceTree = "<group>";
		};
		ED2EA07C262CBDD200953204 /* Products */ = {
			isa = PBXGroup;
			children = (
				ED2EA07B262CBDD200953204 /* Simple Weather App.app */,
				ED2EA08C262CBDD700953204 /* Simple Weather AppTests.xctest */,
				ED2EA097262CBDD700953204 /* Simple Weather AppUITests.xctest */,
			);
			name = Products;
			sourceTree = "<group>";
		};
		ED2EA07D262CBDD200953204 /* Simple Weather App */ = {
			isa = PBXGroup;
			children = (
				ED2EA0AE262CBE0900953204 /* Model */,
				ED2EA0AD262CBE0200953204 /* View */,
				ED2EA0AC262CBDF700953204 /* ViewModel */,
				ED2EA0AF262CBE0E00953204 /* Utils */,
				ED2EA0F0262D24B300953204 /* Fonts */,
				ED2EA07E262CBDD200953204 /* Simple_Weather_AppApp.swift */,
				ED2EA082262CBDD600953204 /* Assets.xcassets */,
				ED2EA087262CBDD600953204 /* Info.plist */,
				ED2EA084262CBDD600953204 /* Preview Content */,
			);
			path = "Simple Weather App";
			sourceTree = "<group>";
		};
		ED2EA084262CBDD600953204 /* Preview Content */ = {
			isa = PBXGroup;
			children = (
				ED2EA085262CBDD600953204 /* Preview Assets.xcassets */,
			);
			path = "Preview Content";
			sourceTree = "<group>";
		};
		ED2EA08F262CBDD700953204 /* Simple Weather AppTests */ = {
			isa = PBXGroup;
			children = (
				ED2EA090262CBDD700953204 /* Simple_Weather_AppTests.swift */,
				ED2EA092262CBDD700953204 /* Info.plist */,
			);
			path = "Simple Weather AppTests";
			sourceTree = "<group>";
		};
		ED2EA09A262CBDD700953204 /* Simple Weather AppUITests */ = {
			isa = PBXGroup;
			children = (
				ED2EA09B262CBDD700953204 /* Simple_Weather_AppUITests.swift */,
				ED2EA09D262CBDD700953204 /* Info.plist */,
			);
			path = "Simple Weather AppUITests";
			sourceTree = "<group>";
		};
		ED2EA0AC262CBDF700953204 /* ViewModel */ = {
			isa = PBXGroup;
			children = (
				ED2EA0CE262CC81B00953204 /* MainViewModel.swift */,
			);
			path = ViewModel;
			sourceTree = "<group>";
		};
		ED2EA0AD262CBE0200953204 /* View */ = {
			isa = PBXGroup;
			children = (
				ED2EA080262CBDD200953204 /* MainView.swift */,
				ED2EA0F9262D2DC700953204 /* AlertView.swift */,
			);
			path = View;
			sourceTree = "<group>";
		};
		ED2EA0AE262CBE0900953204 /* Model */ = {
			isa = PBXGroup;
			children = (
				ED2EA0B6262CBE9400953204 /* WeatherManager.swift */,
				ED2EA0BB262CBF2F00953204 /* WeatherResults.swift */,
				ED2EA0C0262CC0C800953204 /* WeatherModel.swift */,
				ED2EA0DB262CE22300953204 /* LocationManager.swift */,
				ED2EA0E0262CE24F00953204 /* LocationModel.swift */,
			);
			path = Model;
			sourceTree = "<group>";
		};
		ED2EA0AF262CBE0E00953204 /* Utils */ = {
			isa = PBXGroup;
			children = (
				ED2EA0D3262CC87500953204 /* K.swift */,
				ED2EA0EB262D228100953204 /* Extensions.swift */,
			);
			path = Utils;
			sourceTree = "<group>";
		};
		ED2EA0F0262D24B300953204 /* Fonts */ = {
			isa = PBXGroup;
			children = (
				ED2EA0F1262D24DB00953204 /* FredokaOne-Regular.ttf */,
			);
			path = Fonts;
			sourceTree = "<group>";
		};
/* End PBXGroup section */

/* Begin PBXNativeTarget section */
		ED2EA07A262CBDD200953204 /* Simple Weather App */ = {
			isa = PBXNativeTarget;
			buildConfigurationList = ED2EA0A0262CBDD700953204 /* Build configuration list for PBXNativeTarget "Simple Weather App" */;
			buildPhases = (
				F21DB6C33650ECB4DF3C2E2F /* [CP] Check Pods Manifest.lock */,
				ED2EA077262CBDD200953204 /* Sources */,
				ED2EA078262CBDD200953204 /* Frameworks */,
				ED2EA079262CBDD200953204 /* Resources */,
				8B4D73C1616862CD015FFBD8 /* [CP] Embed Pods Frameworks */,
			);
			buildRules = (
			);
			dependencies = (
			);
			name = "Simple Weather App";
			productName = "Simple Weather App";
			productReference = ED2EA07B262CBDD200953204 /* Simple Weather App.app */;
			productType = "com.apple.product-type.application";
		};
		ED2EA08B262CBDD700953204 /* Simple Weather AppTests */ = {
			isa = PBXNativeTarget;
			buildConfigurationList = ED2EA0A3262CBDD700953204 /* Build configuration list for PBXNativeTarget "Simple Weather AppTests" */;
			buildPhases = (
				171066377FB4F90A7764F11D /* [CP] Check Pods Manifest.lock */,
				ED2EA088262CBDD700953204 /* Sources */,
				ED2EA089262CBDD700953204 /* Frameworks */,
				ED2EA08A262CBDD700953204 /* Resources */,
			);
			buildRules = (
			);
			dependencies = (
				ED2EA08E262CBDD700953204 /* PBXTargetDependency */,
			);
			name = "Simple Weather AppTests";
			productName = "Simple Weather AppTests";
			productReference = ED2EA08C262CBDD700953204 /* Simple Weather AppTests.xctest */;
			productType = "com.apple.product-type.bundle.unit-test";
		};
		ED2EA096262CBDD700953204 /* Simple Weather AppUITests */ = {
			isa = PBXNativeTarget;
			buildConfigurationList = ED2EA0A6262CBDD700953204 /* Build configuration list for PBXNativeTarget "Simple Weather AppUITests" */;
			buildPhases = (
				6E4C8CAD7B0B52C19BD4E3A7 /* [CP] Check Pods Manifest.lock */,
				ED2EA093262CBDD700953204 /* Sources */,
				ED2EA094262CBDD700953204 /* Frameworks */,
				ED2EA095262CBDD700953204 /* Resources */,
				A5D06CAE990F2A37A825B674 /* [CP] Embed Pods Frameworks */,
			);
			buildRules = (
			);
			dependencies = (
				ED2EA099262CBDD700953204 /* PBXTargetDependency */,
			);
			name = "Simple Weather AppUITests";
			productName = "Simple Weather AppUITests";
			productReference = ED2EA097262CBDD700953204 /* Simple Weather AppUITests.xctest */;
			productType = "com.apple.product-type.bundle.ui-testing";
		};
/* End PBXNativeTarget section */

/* Begin PBXProject section */
		ED2EA073262CBDD200953204 /* Project object */ = {
			isa = PBXProject;
			attributes = {
				LastSwiftUpdateCheck = 1240;
				LastUpgradeCheck = 1240;
				TargetAttributes = {
					ED2EA07A262CBDD200953204 = {
						CreatedOnToolsVersion = 12.4;
					};
					ED2EA08B262CBDD700953204 = {
						CreatedOnToolsVersion = 12.4;
						TestTargetID = ED2EA07A262CBDD200953204;
					};
					ED2EA096262CBDD700953204 = {
						CreatedOnToolsVersion = 12.4;
						TestTargetID = ED2EA07A262CBDD200953204;
					};
				};
			};
			buildConfigurationList = ED2EA076262CBDD200953204 /* Build configuration list for PBXProject "Simple Weather App" */;
			compatibilityVersion = "Xcode 9.3";
			developmentRegion = en;
			hasScannedForEncodings = 0;
			knownRegions = (
				en,
				Base,
			);
			mainGroup = ED2EA072262CBDD200953204;
			productRefGroup = ED2EA07C262CBDD200953204 /* Products */;
			projectDirPath = "";
			projectRoot = "";
			targets = (
				ED2EA07A262CBDD200953204 /* Simple Weather App */,
				ED2EA08B262CBDD700953204 /* Simple Weather AppTests */,
				ED2EA096262CBDD700953204 /* Simple Weather AppUITests */,
			);
		};
/* End PBXProject section */

/* Begin PBXResourcesBuildPhase section */
		ED2EA079262CBDD200953204 /* Resources */ = {
			isa = PBXResourcesBuildPhase;
			buildActionMask = 2147483647;
			files = (
				ED2EA086262CBDD600953204 /* Preview Assets.xcassets in Resources */,
				ED2EA083262CBDD600953204 /* Assets.xcassets in Resources */,
				ED2EA0F2262D24DB00953204 /* FredokaOne-Regular.ttf in Resources */,
			);
			runOnlyForDeploymentPostprocessing = 0;
		};
		ED2EA08A262CBDD700953204 /* Resources */ = {
			isa = PBXResourcesBuildPhase;
			buildActionMask = 2147483647;
			files = (
			);
			runOnlyForDeploymentPostprocessing = 0;
		};
		ED2EA095262CBDD700953204 /* Resources */ = {
			isa = PBXResourcesBuildPhase;
			buildActionMask = 2147483647;
			files = (
			);
			runOnlyForDeploymentPostprocessing = 0;
		};
/* End PBXResourcesBuildPhase section */

/* Begin PBXShellScriptBuildPhase section */
		171066377FB4F90A7764F11D /* [CP] Check Pods Manifest.lock */ = {
			isa = PBXShellScriptBuildPhase;
			buildActionMask = 2147483647;
			files = (
			);
			inputFileListPaths = (
			);
			inputPaths = (
				"${PODS_PODFILE_DIR_PATH}/Podfile.lock",
				"${PODS_ROOT}/Manifest.lock",
			);
			name = "[CP] Check Pods Manifest.lock";
			outputFileListPaths = (
			);
			outputPaths = (
				"$(DERIVED_FILE_DIR)/Pods-Simple Weather AppTests-checkManifestLockResult.txt",
			);
			runOnlyForDeploymentPostprocessing = 0;
			shellPath = /bin/sh;
			shellScript = "diff \"${PODS_PODFILE_DIR_PATH}/Podfile.lock\" \"${PODS_ROOT}/Manifest.lock\" > /dev/null\nif [ $? != 0 ] ; then\n    # print error to STDERR\n    echo \"error: The sandbox is not in sync with the Podfile.lock. Run 'pod install' or update your CocoaPods installation.\" >&2\n    exit 1\nfi\n# This output is used by Xcode 'outputs' to avoid re-running this script phase.\necho \"SUCCESS\" > \"${SCRIPT_OUTPUT_FILE_0}\"\n";
			showEnvVarsInLog = 0;
		};
		6E4C8CAD7B0B52C19BD4E3A7 /* [CP] Check Pods Manifest.lock */ = {
			isa = PBXShellScriptBuildPhase;
			buildActionMask = 2147483647;
			files = (
			);
			inputFileListPaths = (
			);
			inputPaths = (
				"${PODS_PODFILE_DIR_PATH}/Podfile.lock",
				"${PODS_ROOT}/Manifest.lock",
			);
			name = "[CP] Check Pods Manifest.lock";
			outputFileListPaths = (
			);
			outputPaths = (
				"$(DERIVED_FILE_DIR)/Pods-Simple Weather App-Simple Weather AppUITests-checkManifestLockResult.txt",
			);
			runOnlyForDeploymentPostprocessing = 0;
			shellPath = /bin/sh;
			shellScript = "diff \"${PODS_PODFILE_DIR_PATH}/Podfile.lock\" \"${PODS_ROOT}/Manifest.lock\" > /dev/null\nif [ $? != 0 ] ; then\n    # print error to STDERR\n    echo \"error: The sandbox is not in sync with the Podfile.lock. Run 'pod install' or update your CocoaPods installation.\" >&2\n    exit 1\nfi\n# This output is used by Xcode 'outputs' to avoid re-running this script phase.\necho \"SUCCESS\" > \"${SCRIPT_OUTPUT_FILE_0}\"\n";
			showEnvVarsInLog = 0;
		};
		8B4D73C1616862CD015FFBD8 /* [CP] Embed Pods Frameworks */ = {
			isa = PBXShellScriptBuildPhase;
			buildActionMask = 2147483647;
			files = (
			);
			inputFileListPaths = (
				"${PODS_ROOT}/Target Support Files/Pods-Simple Weather App/Pods-Simple Weather App-frameworks-${CONFIGURATION}-input-files.xcfilelist",
			);
			name = "[CP] Embed Pods Frameworks";
			outputFileListPaths = (
				"${PODS_ROOT}/Target Support Files/Pods-Simple Weather App/Pods-Simple Weather App-frameworks-${CONFIGURATION}-output-files.xcfilelist",
			);
			runOnlyForDeploymentPostprocessing = 0;
			shellPath = /bin/sh;
			shellScript = "\"${PODS_ROOT}/Target Support Files/Pods-Simple Weather App/Pods-Simple Weather App-frameworks.sh\"\n";
			showEnvVarsInLog = 0;
		};
		A5D06CAE990F2A37A825B674 /* [CP] Embed Pods Frameworks */ = {
			isa = PBXShellScriptBuildPhase;
			buildActionMask = 2147483647;
			files = (
			);
			inputFileListPaths = (
				"${PODS_ROOT}/Target Support Files/Pods-Simple Weather App-Simple Weather AppUITests/Pods-Simple Weather App-Simple Weather AppUITests-frameworks-${CONFIGURATION}-input-files.xcfilelist",
			);
			name = "[CP] Embed Pods Frameworks";
			outputFileListPaths = (
				"${PODS_ROOT}/Target Support Files/Pods-Simple Weather App-Simple Weather AppUITests/Pods-Simple Weather App-Simple Weather AppUITests-frameworks-${CONFIGURATION}-output-files.xcfilelist",
			);
			runOnlyForDeploymentPostprocessing = 0;
			shellPath = /bin/sh;
			shellScript = "\"${PODS_ROOT}/Target Support Files/Pods-Simple Weather App-Simple Weather AppUITests/Pods-Simple Weather App-Simple Weather AppUITests-frameworks.sh\"\n";
			showEnvVarsInLog = 0;
		};
		F21DB6C33650ECB4DF3C2E2F /* [CP] Check Pods Manifest.lock */ = {
			isa = PBXShellScriptBuildPhase;
			buildActionMask = 2147483647;
			files = (
			);
			inputFileListPaths = (
			);
			inputPaths = (
				"${PODS_PODFILE_DIR_PATH}/Podfile.lock",
				"${PODS_ROOT}/Manifest.lock",
			);
			name = "[CP] Check Pods Manifest.lock";
			outputFileListPaths = (
			);
			outputPaths = (
				"$(DERIVED_FILE_DIR)/Pods-Simple Weather App-checkManifestLockResult.txt",
			);
			runOnlyForDeploymentPostprocessing = 0;
			shellPath = /bin/sh;
			shellScript = "diff \"${PODS_PODFILE_DIR_PATH}/Podfile.lock\" \"${PODS_ROOT}/Manifest.lock\" > /dev/null\nif [ $? != 0 ] ; then\n    # print error to STDERR\n    echo \"error: The sandbox is not in sync with the Podfile.lock. Run 'pod install' or update your CocoaPods installation.\" >&2\n    exit 1\nfi\n# This output is used by Xcode 'outputs' to avoid re-running this script phase.\necho \"SUCCESS\" > \"${SCRIPT_OUTPUT_FILE_0}\"\n";
			showEnvVarsInLog = 0;
		};
/* End PBXShellScriptBuildPhase section */

/* Begin PBXSourcesBuildPhase section */
		ED2EA077262CBDD200953204 /* Sources */ = {
			isa = PBXSourcesBuildPhase;
			buildActionMask = 2147483647;
			files = (
				ED2EA0B7262CBE9400953204 /* WeatherManager.swift in Sources */,
				ED2EA0BC262CBF2F00953204 /* WeatherResults.swift in Sources */,
				ED2EA081262CBDD200953204 /* MainView.swift in Sources */,
				ED2EA0FA262D2DC700953204 /* AlertView.swift in Sources */,
				ED2EA07F262CBDD200953204 /* Simple_Weather_AppApp.swift in Sources */,
				ED2EA0E1262CE24F00953204 /* LocationModel.swift in Sources */,
				ED2EA0EC262D228200953204 /* Extensions.swift in Sources */,
				ED2EA0DC262CE22300953204 /* LocationManager.swift in Sources */,
				ED2EA0D4262CC87500953204 /* K.swift in Sources */,
				ED2EA0C1262CC0C800953204 /* WeatherModel.swift in Sources */,
				ED2EA0CF262CC81B00953204 /* MainViewModel.swift in Sources */,
			);
			runOnlyForDeploymentPostprocessing = 0;
		};
		ED2EA088262CBDD700953204 /* Sources */ = {
			isa = PBXSourcesBuildPhase;
			buildActionMask = 2147483647;
			files = (
				ED2EA091262CBDD700953204 /* Simple_Weather_AppTests.swift in Sources */,
			);
			runOnlyForDeploymentPostprocessing = 0;
		};
		ED2EA093262CBDD700953204 /* Sources */ = {
			isa = PBXSourcesBuildPhase;
			buildActionMask = 2147483647;
			files = (
				ED2EA09C262CBDD700953204 /* Simple_Weather_AppUITests.swift in Sources */,
			);
			runOnlyForDeploymentPostprocessing = 0;
		};
/* End PBXSourcesBuildPhase section */

/* Begin PBXTargetDependency section */
		ED2EA08E262CBDD700953204 /* PBXTargetDependency */ = {
			isa = PBXTargetDependency;
			target = ED2EA07A262CBDD200953204 /* Simple Weather App */;
			targetProxy = ED2EA08D262CBDD700953204 /* PBXContainerItemProxy */;
		};
		ED2EA099262CBDD700953204 /* PBXTargetDependency */ = {
			isa = PBXTargetDependency;
			target = ED2EA07A262CBDD200953204 /* Simple Weather App */;
			targetProxy = ED2EA098262CBDD700953204 /* PBXContainerItemProxy */;
		};
/* End PBXTargetDependency section */

/* Begin XCBuildConfiguration section */
		ED2EA09E262CBDD700953204 /* Debug */ = {
			isa = XCBuildConfiguration;
			buildSettings = {
				ALWAYS_SEARCH_USER_PATHS = NO;
				CLANG_ANALYZER_NONNULL = YES;
				CLANG_ANALYZER_NUMBER_OBJECT_CONVERSION = YES_AGGRESSIVE;
				CLANG_CXX_LANGUAGE_STANDARD = "gnu++14";
				CLANG_CXX_LIBRARY = "libc++";
				CLANG_ENABLE_MODULES = YES;
				CLANG_ENABLE_OBJC_ARC = YES;
				CLANG_ENABLE_OBJC_WEAK = YES;
				CLANG_WARN_BLOCK_CAPTURE_AUTORELEASING = YES;
				CLANG_WARN_BOOL_CONVERSION = YES;
				CLANG_WARN_COMMA = YES;
				CLANG_WARN_CONSTANT_CONVERSION = YES;
				CLANG_WARN_DEPRECATED_OBJC_IMPLEMENTATIONS = YES;
				CLANG_WARN_DIRECT_OBJC_ISA_USAGE = YES_ERROR;
				CLANG_WARN_DOCUMENTATION_COMMENTS = YES;
				CLANG_WARN_EMPTY_BODY = YES;
				CLANG_WARN_ENUM_CONVERSION = YES;
				CLANG_WARN_INFINITE_RECURSION = YES;
				CLANG_WARN_INT_CONVERSION = YES;
				CLANG_WARN_NON_LITERAL_NULL_CONVERSION = YES;
				CLANG_WARN_OBJC_IMPLICIT_RETAIN_SELF = YES;
				CLANG_WARN_OBJC_LITERAL_CONVERSION = YES;
				CLANG_WARN_OBJC_ROOT_CLASS = YES_ERROR;
				CLANG_WARN_QUOTED_INCLUDE_IN_FRAMEWORK_HEADER = YES;
				CLANG_WARN_RANGE_LOOP_ANALYSIS = YES;
				CLANG_WARN_STRICT_PROTOTYPES = YES;
				CLANG_WARN_SUSPICIOUS_MOVE = YES;
				CLANG_WARN_UNGUARDED_AVAILABILITY = YES_AGGRESSIVE;
				CLANG_WARN_UNREACHABLE_CODE = YES;
				CLANG_WARN__DUPLICATE_METHOD_MATCH = YES;
				COPY_PHASE_STRIP = NO;
				DEBUG_INFORMATION_FORMAT = dwarf;
				ENABLE_STRICT_OBJC_MSGSEND = YES;
				ENABLE_TESTABILITY = YES;
				GCC_C_LANGUAGE_STANDARD = gnu11;
				GCC_DYNAMIC_NO_PIC = NO;
				GCC_NO_COMMON_BLOCKS = YES;
				GCC_OPTIMIZATION_LEVEL = 0;
				GCC_PREPROCESSOR_DEFINITIONS = (
					"DEBUG=1",
					"$(inherited)",
				);
				GCC_WARN_64_TO_32_BIT_CONVERSION = YES;
				GCC_WARN_ABOUT_RETURN_TYPE = YES_ERROR;
				GCC_WARN_UNDECLARED_SELECTOR = YES;
				GCC_WARN_UNINITIALIZED_AUTOS = YES_AGGRESSIVE;
				GCC_WARN_UNUSED_FUNCTION = YES;
				GCC_WARN_UNUSED_VARIABLE = YES;
				IPHONEOS_DEPLOYMENT_TARGET = 14.4;
				MTL_ENABLE_DEBUG_INFO = INCLUDE_SOURCE;
				MTL_FAST_MATH = YES;
				ONLY_ACTIVE_ARCH = YES;
				SDKROOT = iphoneos;
				SWIFT_ACTIVE_COMPILATION_CONDITIONS = DEBUG;
				SWIFT_OPTIMIZATION_LEVEL = "-Onone";
			};
			name = Debug;
		};
		ED2EA09F262CBDD700953204 /* Release */ = {
			isa = XCBuildConfiguration;
			buildSettings = {
				ALWAYS_SEARCH_USER_PATHS = NO;
				CLANG_ANALYZER_NONNULL = YES;
				CLANG_ANALYZER_NUMBER_OBJECT_CONVERSION = YES_AGGRESSIVE;
				CLANG_CXX_LANGUAGE_STANDARD = "gnu++14";
				CLANG_CXX_LIBRARY = "libc++";
				CLANG_ENABLE_MODULES = YES;
				CLANG_ENABLE_OBJC_ARC = YES;
				CLANG_ENABLE_OBJC_WEAK = YES;
				CLANG_WARN_BLOCK_CAPTURE_AUTORELEASING = YES;
				CLANG_WARN_BOOL_CONVERSION = YES;
				CLANG_WARN_COMMA = YES;
				CLANG_WARN_CONSTANT_CONVERSION = YES;
				CLANG_WARN_DEPRECATED_OBJC_IMPLEMENTATIONS = YES;
				CLANG_WARN_DIRECT_OBJC_ISA_USAGE = YES_ERROR;
				CLANG_WARN_DOCUMENTATION_COMMENTS = YES;
				CLANG_WARN_EMPTY_BODY = YES;
				CLANG_WARN_ENUM_CONVERSION = YES;
				CLANG_WARN_INFINITE_RECURSION = YES;
				CLANG_WARN_INT_CONVERSION = YES;
				CLANG_WARN_NON_LITERAL_NULL_CONVERSION = YES;
				CLANG_WARN_OBJC_IMPLICIT_RETAIN_SELF = YES;
				CLANG_WARN_OBJC_LITERAL_CONVERSION = YES;
				CLANG_WARN_OBJC_ROOT_CLASS = YES_ERROR;
				CLANG_WARN_QUOTED_INCLUDE_IN_FRAMEWORK_HEADER = YES;
				CLANG_WARN_RANGE_LOOP_ANALYSIS = YES;
				CLANG_WARN_STRICT_PROTOTYPES = YES;
				CLANG_WARN_SUSPICIOUS_MOVE = YES;
				CLANG_WARN_UNGUARDED_AVAILABILITY = YES_AGGRESSIVE;
				CLANG_WARN_UNREACHABLE_CODE = YES;
				CLANG_WARN__DUPLICATE_METHOD_MATCH = YES;
				COPY_PHASE_STRIP = NO;
				DEBUG_INFORMATION_FORMAT = "dwarf-with-dsym";
				ENABLE_NS_ASSERTIONS = NO;
				ENABLE_STRICT_OBJC_MSGSEND = YES;
				GCC_C_LANGUAGE_STANDARD = gnu11;
				GCC_NO_COMMON_BLOCKS = YES;
				GCC_WARN_64_TO_32_BIT_CONVERSION = YES;
				GCC_WARN_ABOUT_RETURN_TYPE = YES_ERROR;
				GCC_WARN_UNDECLARED_SELECTOR = YES;
				GCC_WARN_UNINITIALIZED_AUTOS = YES_AGGRESSIVE;
				GCC_WARN_UNUSED_FUNCTION = YES;
				GCC_WARN_UNUSED_VARIABLE = YES;
				IPHONEOS_DEPLOYMENT_TARGET = 14.4;
				MTL_ENABLE_DEBUG_INFO = NO;
				MTL_FAST_MATH = YES;
				SDKROOT = iphoneos;
				SWIFT_COMPILATION_MODE = wholemodule;
				SWIFT_OPTIMIZATION_LEVEL = "-O";
				VALIDATE_PRODUCT = YES;
			};
			name = Release;
		};
		ED2EA0A1262CBDD700953204 /* Debug */ = {
			isa = XCBuildConfiguration;
			baseConfigurationReference = 72616DFA45AAE0FCD582AC4D /* Pods-Simple Weather App.debug.xcconfig */;
			buildSettings = {
				ASSETCATALOG_COMPILER_APPICON_NAME = AppIcon;
				ASSETCATALOG_COMPILER_GLOBAL_ACCENT_COLOR_NAME = AccentColor;
				CODE_SIGN_STYLE = Automatic;
				DEVELOPMENT_ASSET_PATHS = "\"Simple Weather App/Preview Content\"";
				DEVELOPMENT_TEAM = 44BQLZF534;
				ENABLE_PREVIEWS = YES;
				INFOPLIST_FILE = "Simple Weather App/Info.plist";
				IPHONEOS_DEPLOYMENT_TARGET = 14.0;
				LD_RUNPATH_SEARCH_PATHS = (
					"$(inherited)",
					"@executable_path/Frameworks",
				);
				PRODUCT_BUNDLE_IDENTIFIER = "unfv.Simple-Weather-App";
				PRODUCT_NAME = "$(TARGET_NAME)";
				SWIFT_VERSION = 5.0;
				TARGETED_DEVICE_FAMILY = 1;
			};
			name = Debug;
		};
		ED2EA0A2262CBDD700953204 /* Release */ = {
			isa = XCBuildConfiguration;
			baseConfigurationReference = 2A60365AE5FD3D57A576F86A /* Pods-Simple Weather App.release.xcconfig */;
			buildSettings = {
				ASSETCATALOG_COMPILER_APPICON_NAME = AppIcon;
				ASSETCATALOG_COMPILER_GLOBAL_ACCENT_COLOR_NAME = AccentColor;
				CODE_SIGN_STYLE = Automatic;
				DEVELOPMENT_ASSET_PATHS = "\"Simple Weather App/Preview Content\"";
				DEVELOPMENT_TEAM = Z9C4ZWSUSE;
				ENABLE_PREVIEWS = YES;
				INFOPLIST_FILE = "Simple Weather App/Info.plist";
				IPHONEOS_DEPLOYMENT_TARGET = 14.0;
				LD_RUNPATH_SEARCH_PATHS = (
					"$(inherited)",
					"@executable_path/Frameworks",
				);
				PRODUCT_BUNDLE_IDENTIFIER = "unfv.Simple-Weather-App";
				PRODUCT_NAME = "$(TARGET_NAME)";
				SWIFT_VERSION = 5.0;
				TARGETED_DEVICE_FAMILY = 1;
			};
			name = Release;
		};
		ED2EA0A4262CBDD700953204 /* Debug */ = {
			isa = XCBuildConfiguration;
			baseConfigurationReference = 9B7CEA19085CC7B29342F5AA /* Pods-Simple Weather AppTests.debug.xcconfig */;
			buildSettings = {
				ALWAYS_EMBED_SWIFT_STANDARD_LIBRARIES = YES;
				BUNDLE_LOADER = "$(TEST_HOST)";
				CODE_SIGN_STYLE = Automatic;
				DEVELOPMENT_TEAM = Z9C4ZWSUSE;
				INFOPLIST_FILE = "Simple Weather AppTests/Info.plist";
				IPHONEOS_DEPLOYMENT_TARGET = 14.0;
				LD_RUNPATH_SEARCH_PATHS = (
					"$(inherited)",
					"@executable_path/Frameworks",
					"@loader_path/Frameworks",
				);
				PRODUCT_BUNDLE_IDENTIFIER = "unfv.Simple-Weather-AppTests";
				PRODUCT_NAME = "$(TARGET_NAME)";
				SWIFT_VERSION = 5.0;
				TARGETED_DEVICE_FAMILY = "1,2";
				TEST_HOST = "$(BUILT_PRODUCTS_DIR)/Simple Weather App.app/Simple Weather App";
			};
			name = Debug;
		};
		ED2EA0A5262CBDD700953204 /* Release */ = {
			isa = XCBuildConfiguration;
			baseConfigurationReference = 29EDC2243BEDC97195AB199E /* Pods-Simple Weather AppTests.release.xcconfig */;
			buildSettings = {
				ALWAYS_EMBED_SWIFT_STANDARD_LIBRARIES = YES;
				BUNDLE_LOADER = "$(TEST_HOST)";
				CODE_SIGN_STYLE = Automatic;
				DEVELOPMENT_TEAM = Z9C4ZWSUSE;
				INFOPLIST_FILE = "Simple Weather AppTests/Info.plist";
				IPHONEOS_DEPLOYMENT_TARGET = 14.0;
				LD_RUNPATH_SEARCH_PATHS = (
					"$(inherited)",
					"@executable_path/Frameworks",
					"@loader_path/Frameworks",
				);
				PRODUCT_BUNDLE_IDENTIFIER = "unfv.Simple-Weather-AppTests";
				PRODUCT_NAME = "$(TARGET_NAME)";
				SWIFT_VERSION = 5.0;
				TARGETED_DEVICE_FAMILY = "1,2";
				TEST_HOST = "$(BUILT_PRODUCTS_DIR)/Simple Weather App.app/Simple Weather App";
			};
			name = Release;
		};
		ED2EA0A7262CBDD700953204 /* Debug */ = {
			isa = XCBuildConfiguration;
			baseConfigurationReference = 66347482C0E46E92E01F1580 /* Pods-Simple Weather App-Simple Weather AppUITests.debug.xcconfig */;
			buildSettings = {
				ALWAYS_EMBED_SWIFT_STANDARD_LIBRARIES = YES;
				CODE_SIGN_STYLE = Automatic;
				DEVELOPMENT_TEAM = Z9C4ZWSUSE;
				INFOPLIST_FILE = "Simple Weather AppUITests/Info.plist";
				LD_RUNPATH_SEARCH_PATHS = (
					"$(inherited)",
					"@executable_path/Frameworks",
					"@loader_path/Frameworks",
				);
				PRODUCT_BUNDLE_IDENTIFIER = "unfv.Simple-Weather-AppUITests";
				PRODUCT_NAME = "$(TARGET_NAME)";
				SWIFT_VERSION = 5.0;
				TARGETED_DEVICE_FAMILY = "1,2";
				TEST_TARGET_NAME = "Simple Weather App";
			};
			name = Debug;
		};
		ED2EA0A8262CBDD700953204 /* Release */ = {
			isa = XCBuildConfiguration;
			baseConfigurationReference = 0C2289C48ADF009C24E58D93 /* Pods-Simple Weather App-Simple Weather AppUITests.release.xcconfig */;
			buildSettings = {
				ALWAYS_EMBED_SWIFT_STANDARD_LIBRARIES = YES;
				CODE_SIGN_STYLE = Automatic;
				DEVELOPMENT_TEAM = Z9C4ZWSUSE;
				INFOPLIST_FILE = "Simple Weather AppUITests/Info.plist";
				LD_RUNPATH_SEARCH_PATHS = (
					"$(inherited)",
					"@executable_path/Frameworks",
					"@loader_path/Frameworks",
				);
				PRODUCT_BUNDLE_IDENTIFIER = "unfv.Simple-Weather-AppUITests";
				PRODUCT_NAME = "$(TARGET_NAME)";
				SWIFT_VERSION = 5.0;
				TARGETED_DEVICE_FAMILY = "1,2";
				TEST_TARGET_NAME = "Simple Weather App";
			};
			name = Release;
		};
/* End XCBuildConfiguration section */

/* Begin XCConfigurationList section */
		ED2EA076262CBDD200953204 /* Build configuration list for PBXProject "Simple Weather App" */ = {
			isa = XCConfigurationList;
			buildConfigurations = (
				ED2EA09E262CBDD700953204 /* Debug */,
				ED2EA09F262CBDD700953204 /* Release */,
			);
			defaultConfigurationIsVisible = 0;
			defaultConfigurationName = Release;
		};
		ED2EA0A0262CBDD700953204 /* Build configuration list for PBXNativeTarget "Simple Weather App" */ = {
			isa = XCConfigurationList;
			buildConfigurations = (
				ED2EA0A1262CBDD700953204 /* Debug */,
				ED2EA0A2262CBDD700953204 /* Release */,
			);
			defaultConfigurationIsVisible = 0;
			defaultConfigurationName = Release;
		};
		ED2EA0A3262CBDD700953204 /* Build configuration list for PBXNativeTarget "Simple Weather AppTests" */ = {
			isa = XCConfigurationList;
			buildConfigurations = (
				ED2EA0A4262CBDD700953204 /* Debug */,
				ED2EA0A5262CBDD700953204 /* Release */,
			);
			defaultConfigurationIsVisible = 0;
			defaultConfigurationName = Release;
		};
		ED2EA0A6262CBDD700953204 /* Build configuration list for PBXNativeTarget "Simple Weather AppUITests" */ = {
			isa = XCConfigurationList;
			buildConfigurations = (
				ED2EA0A7262CBDD700953204 /* Debug */,
				ED2EA0A8262CBDD700953204 /* Release */,
			);
			defaultConfigurationIsVisible = 0;
			defaultConfigurationName = Release;
		};
/* End XCConfigurationList section */
	};
	rootObject = ED2EA073262CBDD200953204 /* Project object */;
}
