// !$*UTF8*$!
{
	archiveVersion = 1;
	classes = {
	};
	objectVersion = 50;
	objects = {

/* Begin PBXBuildFile section */
		ED2EA07F262CBDD200953204 /* Simple_Weather_AppApp.swift in Sources */ = {isa = PBXBuildFile; fileRef = ED2EA07E262CBDD200953204 /* Simple_Weather_AppApp.swift */; };
		ED2EA081262CBDD200953204 /* ContentView.swift in Sources */ = {isa = PBXBuildFile; fileRef = ED2EA080262CBDD200953204 /* ContentView.swift */; };
		ED2EA083262CBDD600953204 /* Assets.xcassets in Resources */ = {isa = PBXBuildFile; fileRef = ED2EA082262CBDD600953204 /* Assets.xcassets */; };
		ED2EA086262CBDD600953204 /* Preview Assets.xcassets in Resources */ = {isa = PBXBuildFile; fileRef = ED2EA085262CBDD600953204 /* Preview Assets.xcassets */; };
		ED2EA091262CBDD700953204 /* Simple_Weather_AppTests.swift in Sources */ = {isa = PBXBuildFile; fileRef = ED2EA090262CBDD700953204 /* Simple_Weather_AppTests.swift */; };
		ED2EA09C262CBDD700953204 /* Simple_Weather_AppUITests.swift in Sources */ = {isa = PBXBuildFile; fileRef = ED2EA09B262CBDD700953204 /* Simple_Weather_AppUITests.swift */; };
/* End PBXBuildFile section */

/* Begin PBXContainerItemProxy section */
		ED2EA08D262CBDD700953204 /* PBXContainerItemProxy */ = {
			isa = PBXContainerItemProxy;
			containerPortal = ED2EA073262CBDD200953204 /* Project object */;
			proxyType = 1;
			remoteGlobalIDString = ED2EA07A262CBDD200953204;
			remoteInfo = "Simple Weather App";
		};
		ED2EA098262CBDD700953204 /* PBXContainerItemProxy */ = {
			isa = PBXContainerItemProxy;
			containerPortal = ED2EA073262CBDD200953204 /* Project object */;
			proxyType = 1;
			remoteGlobalIDString = ED2EA07A262CBDD200953204;
			remoteInfo = "Simple Weather App";
		};
/* End PBXContainerItemProxy section */

/* Begin PBXFileReference section */
		ED2EA07B262CBDD200953204 /* Simple Weather App.app */ = {isa = PBXFileReference; explicitFileType = wrapper.application; includeInIndex = 0; path = "Simple Weather App.app"; sourceTree = BUILT_PRODUCTS_DIR; };
		ED2EA07E262CBDD200953204 /* Simple_Weather_AppApp.swift */ = {isa = PBXFileReference; lastKnownFileType = sourcecode.swift; path = Simple_Weather_AppApp.swift; sourceTree = "<group>"; };
		ED2EA080262CBDD200953204 /* ContentView.swift */ = {isa = PBXFileReference; lastKnownFileType = sourcecode.swift; path = ContentView.swift; sourceTree = "<group>"; };
		ED2EA082262CBDD600953204 /* Assets.xcassets */ = {isa = PBXFileReference; lastKnownFileType = folder.assetcatalog; path = Assets.xcassets; sourceTree = "<group>"; };
		ED2EA085262CBDD600953204 /* Preview Assets.xcassets */ = {isa = PBXFileReference; lastKnownFileType = folder.assetcatalog; path = "Preview Assets.xcassets"; sourceTree = "<group>"; };
		ED2EA087262CBDD600953204 /* Info.plist */ = {isa = PBXFileReference; lastKnownFileType = text.plist.xml; path = Info.plist; sourceTree = "<group>"; };
		ED2EA08C262CBDD700953204 /* Simple Weather AppTests.xctest */ = {isa = PBXFileReference; explicitFileType = wrapper.cfbundle; includeInIndex = 0; path = "Simple Weather AppTests.xctest"; sourceTree = BUILT_PRODUCTS_DIR; };
		ED2EA090262CBDD700953204 /* Simple_Weather_AppTests.swift */ = {isa = PBXFileReference; lastKnownFileType = sourcecode.swift; path = Simple_Weather_AppTests.swift; sourceTree = "<group>"; };
		ED2EA092262CBDD700953204 /* Info.plist */ = {isa = PBXFileReference; lastKnownFileType = text.plist.xml; path = Info.plist; sourceTree = "<group>"; };
		ED2EA097262CBDD700953204 /* Simple Weather AppUITests.xctest */ = {isa = PBXFileReference; explicitFileType = wrapper.cfbundle; includeInIndex = 0; path = "Simple Weather AppUITests.xctest"; sourceTree = BUILT_PRODUCTS_DIR; };
		ED2EA09B262CBDD700953204 /* Simple_Weather_AppUITests.swift */ = {isa = PBXFileReference; lastKnownFileType = sourcecode.swift; path = Simple_Weather_AppUITests.swift; sourceTree = "<group>"; };
		ED2EA09D262CBDD700953204 /* Info.plist */ = {isa = PBXFileReference; lastKnownFileType = text.plist.xml; path = Info.plist; sourceTree = "<group>"; };
/* End PBXFileReference section */

/* Begin PBXFrameworksBuildPhase section */
		ED2EA078262CBDD200953204 /* Frameworks */ = {
			isa = PBXFrameworksBuildPhase;
			buildActionMask = 2147483647;
			files = (
			);
			runOnlyForDeploymentPostprocessing = 0;
		};
		ED2EA089262CBDD700953204 /* Frameworks */ = {
			isa = PBXFrameworksBuildPhase;
			buildActionMask = 2147483647;
			files = (
			);
			runOnlyForDeploymentPostprocessing = 0;
		};
		ED2EA094262CBDD700953204 /* Frameworks */ = {
			isa = PBXFrameworksBuildPhase;
			buildActionMask = 2147483647;
			files = (
			);
			runOnlyForDeploymentPostprocessing = 0;
		};
/* End PBXFrameworksBuildPhase section */

/* Begin PBXGroup section */
		ED2EA072262CBDD200953204 = {
			isa = PBXGroup;
			children = (
				ED2EA07D262CBDD200953204 /* Simple Weather App */,
				ED2EA08F262CBDD700953204 /* Simple Weather AppTests */,
				ED2EA09A262CBDD700953204 /* Simple Weather AppUITests */,
				ED2EA07C262CBDD200953204 /* Products */,
			);
			sourceTree = "<group>";
		};
		ED2EA07C262CBDD200953204 /* Products */ = {
			isa = PBXGroup;
			children = (
				ED2EA07B262CBDD200953204 /* Simple Weather App.app */,
				ED2EA08C262CBDD700953204 /* Simple Weather AppTests.xctest */,
				ED2EA097262CBDD700953204 /* Simple Weather AppUITests.xctest */,
			);
			name = Products;
			sourceTree = "<group>";
		};
		ED2EA07D262CBDD200953204 /* Simple Weather App */ = {
			isa = PBXGroup;
			children = (
				ED2EA07E262CBDD200953204 /* Simple_Weather_AppApp.swift */,
				ED2EA080262CBDD200953204 /* ContentView.swift */,
				ED2EA082262CBDD600953204 /* Assets.xcassets */,
				ED2EA087262CBDD600953204 /* Info.plist */,
				ED2EA084262CBDD600953204 /* Preview Content */,
			);
			path = "Simple Weather App";
			sourceTree = "<group>";
		};
		ED2EA084262CBDD600953204 /* Preview Content */ = {
			isa = PBXGroup;
			children = (
				ED2EA085262CBDD600953204 /* Preview Assets.xcassets */,
			);
			path = "Preview Content";
			sourceTree = "<group>";
		};
		ED2EA08F262CBDD700953204 /* Simple Weather AppTests */ = {
			isa = PBXGroup;
			children = (
				ED2EA090262CBDD700953204 /* Simple_Weather_AppTests.swift */,
				ED2EA092262CBDD700953204 /* Info.plist */,
			);
			path = "Simple Weather AppTests";
			sourceTree = "<group>";
		};
		ED2EA09A262CBDD700953204 /* Simple Weather AppUITests */ = {
			isa = PBXGroup;
			children = (
				ED2EA09B262CBDD700953204 /* Simple_Weather_AppUITests.swift */,
				ED2EA09D262CBDD700953204 /* Info.plist */,
			);
			path = "Simple Weather AppUITests";
			sourceTree = "<group>";
		};
/* End PBXGroup section */

/* Begin PBXNativeTarget section */
		ED2EA07A262CBDD200953204 /* Simple Weather App */ = {
			isa = PBXNativeTarget;
			buildConfigurationList = ED2EA0A0262CBDD700953204 /* Build configuration list for PBXNativeTarget "Simple Weather App" */;
			buildPhases = (
				ED2EA077262CBDD200953204 /* Sources */,
				ED2EA078262CBDD200953204 /* Frameworks */,
				ED2EA079262CBDD200953204 /* Resources */,
			);
			buildRules = (
			);
			dependencies = (
			);
			name = "Simple Weather App";
			productName = "Simple Weather App";
			productReference = ED2EA07B262CBDD200953204 /* Simple Weather App.app */;
			productType = "com.apple.product-type.application";
		};
		ED2EA08B262CBDD700953204 /* Simple Weather AppTests */ = {
			isa = PBXNativeTarget;
			buildConfigurationList = ED2EA0A3262CBDD700953204 /* Build configuration list for PBXNativeTarget "Simple Weather AppTests" */;
			buildPhases = (
				ED2EA088262CBDD700953204 /* Sources */,
				ED2EA089262CBDD700953204 /* Frameworks */,
				ED2EA08A262CBDD700953204 /* Resources */,
			);
			buildRules = (
			);
			dependencies = (
				ED2EA08E262CBDD700953204 /* PBXTargetDependency */,
			);
			name = "Simple Weather AppTests";
			productName = "Simple Weather AppTests";
			productReference = ED2EA08C262CBDD700953204 /* Simple Weather AppTests.xctest */;
			productType = "com.apple.product-type.bundle.unit-test";
		};
		ED2EA096262CBDD700953204 /* Simple Weather AppUITests */ = {
			isa = PBXNativeTarget;
			buildConfigurationList = ED2EA0A6262CBDD700953204 /* Build configuration list for PBXNativeTarget "Simple Weather AppUITests" */;
			buildPhases = (
				ED2EA093262CBDD700953204 /* Sources */,
				ED2EA094262CBDD700953204 /* Frameworks */,
				ED2EA095262CBDD700953204 /* Resources */,
			);
			buildRules = (
			);
			dependencies = (
				ED2EA099262CBDD700953204 /* PBXTargetDependency */,
			);
			name = "Simple Weather AppUITests";
			productName = "Simple Weather AppUITests";
			productReference = ED2EA097262CBDD700953204 /* Simple Weather AppUITests.xctest */;
			productType = "com.apple.product-type.bundle.ui-testing";
		};
/* End PBXNativeTarget section */

/* Begin PBXProject section */
		ED2EA073262CBDD200953204 /* Project object */ = {
			isa = PBXProject;
			attributes = {
				LastSwiftUpdateCheck = 1240;
				LastUpgradeCheck = 1240;
				TargetAttributes = {
					ED2EA07A262CBDD200953204 = {
						CreatedOnToolsVersion = 12.4;
					};
					ED2EA08B262CBDD700953204 = {
						CreatedOnToolsVersion = 12.4;
						TestTargetID = ED2EA07A262CBDD200953204;
					};
					ED2EA096262CBDD700953204 = {
						CreatedOnToolsVersion = 12.4;
						TestTargetID = ED2EA07A262CBDD200953204;
					};
				};
			};
			buildConfigurationList = ED2EA076262CBDD200953204 /* Build configuration list for PBXProject "Simple Weather App" */;
			compatibilityVersion = "Xcode 9.3";
			developmentRegion = en;
			hasScannedForEncodings = 0;
			knownRegions = (
				en,
				Base,
			);
			mainGroup = ED2EA072262CBDD200953204;
			productRefGroup = ED2EA07C262CBDD200953204 /* Products */;
			projectDirPath = "";
			projectRoot = "";
			targets = (
				ED2EA07A262CBDD200953204 /* Simple Weather App */,
				ED2EA08B262CBDD700953204 /* Simple Weather AppTests */,
				ED2EA096262CBDD700953204 /* Simple Weather AppUITests */,
			);
		};
/* End PBXProject section */

/* Begin PBXResourcesBuildPhase section */
		ED2EA079262CBDD200953204 /* Resources */ = {
			isa = PBXResourcesBuildPhase;
			buildActionMask = 2147483647;
			files = (
				ED2EA086262CBDD600953204 /* Preview Assets.xcassets in Resources */,
				ED2EA083262CBDD600953204 /* Assets.xcassets in Resources */,
			);
			runOnlyForDeploymentPostprocessing = 0;
		};
		ED2EA08A262CBDD700953204 /* Resources */ = {
			isa = PBXResourcesBuildPhase;
			buildActionMask = 2147483647;
			files = (
			);
			runOnlyForDeploymentPostprocessing = 0;
		};
		ED2EA095262CBDD700953204 /* Resources */ = {
			isa = PBXResourcesBuildPhase;
			buildActionMask = 2147483647;
			files = (
			);
			runOnlyForDeploymentPostprocessing = 0;
		};
/* End PBXResourcesBuildPhase section */

/* Begin PBXSourcesBuildPhase section */
		ED2EA077262CBDD200953204 /* Sources */ = {
			isa = PBXSourcesBuildPhase;
			buildActionMask = 2147483647;
			files = (
				ED2EA081262CBDD200953204 /* ContentView.swift in Sources */,
				ED2EA07F262CBDD200953204 /* Simple_Weather_AppApp.swift in Sources */,
			);
			runOnlyForDeploymentPostprocessing = 0;
		};
		ED2EA088262CBDD700953204 /* Sources */ = {
			isa = PBXSourcesBuildPhase;
			buildActionMask = 2147483647;
			files = (
				ED2EA091262CBDD700953204 /* Simple_Weather_AppTests.swift in Sources */,
			);
			runOnlyForDeploymentPostprocessing = 0;
		};
		ED2EA093262CBDD700953204 /* Sources */ = {
			isa = PBXSourcesBuildPhase;
			buildActionMask = 2147483647;
			files = (
				ED2EA09C262CBDD700953204 /* Simple_Weather_AppUITests.swift in Sources */,
			);
			runOnlyForDeploymentPostprocessing = 0;
		};
/* End PBXSourcesBuildPhase section */

/* Begin PBXTargetDependency section */
		ED2EA08E262CBDD700953204 /* PBXTargetDependency */ = {
			isa = PBXTargetDependency;
			target = ED2EA07A262CBDD200953204 /* Simple Weather App */;
			targetProxy = ED2EA08D262CBDD700953204 /* PBXContainerItemProxy */;
		};
		ED2EA099262CBDD700953204 /* PBXTargetDependency */ = {
			isa = PBXTargetDependency;
			target = ED2EA07A262CBDD200953204 /* Simple Weather App */;
			targetProxy = ED2EA098262CBDD700953204 /* PBXContainerItemProxy */;
		};
/* End PBXTargetDependency section */

/* Begin XCBuildConfiguration section */
		ED2EA09E262CBDD700953204 /* Debug */ = {
			isa = XCBuildConfiguration;
			buildSettings = {
				ALWAYS_SEARCH_USER_PATHS = NO;
				CLANG_ANALYZER_NONNULL = YES;
				CLANG_ANALYZER_NUMBER_OBJECT_CONVERSION = YES_AGGRESSIVE;
				CLANG_CXX_LANGUAGE_STANDARD = "gnu++14";
				CLANG_CXX_LIBRARY = "libc++";
				CLANG_ENABLE_MODULES = YES;
				CLANG_ENABLE_OBJC_ARC = YES;
				CLANG_ENABLE_OBJC_WEAK = YES;
				CLANG_WARN_BLOCK_CAPTURE_AUTORELEASING = YES;
				CLANG_WARN_BOOL_CONVERSION = YES;
				CLANG_WARN_COMMA = YES;
				CLANG_WARN_CONSTANT_CONVERSION = YES;
				CLANG_WARN_DEPRECATED_OBJC_IMPLEMENTATIONS = YES;
				CLANG_WARN_DIRECT_OBJC_ISA_USAGE = YES_ERROR;
				CLANG_WARN_DOCUMENTATION_COMMENTS = YES;
				CLANG_WARN_EMPTY_BODY = YES;
				CLANG_WARN_ENUM_CONVERSION = YES;
				CLANG_WARN_INFINITE_RECURSION = YES;
				CLANG_WARN_INT_CONVERSION = YES;
				CLANG_WARN_NON_LITERAL_NULL_CONVERSION = YES;
				CLANG_WARN_OBJC_IMPLICIT_RETAIN_SELF = YES;
				CLANG_WARN_OBJC_LITERAL_CONVERSION = YES;
				CLANG_WARN_OBJC_ROOT_CLASS = YES_ERROR;
				CLANG_WARN_QUOTED_INCLUDE_IN_FRAMEWORK_HEADER = YES;
				CLANG_WARN_RANGE_LOOP_ANALYSIS = YES;
				CLANG_WARN_STRICT_PROTOTYPES = YES;
				CLANG_WARN_SUSPICIOUS_MOVE = YES;
				CLANG_WARN_UNGUARDED_AVAILABILITY = YES_AGGRESSIVE;
				CLANG_WARN_UNREACHABLE_CODE = YES;
				CLANG_WARN__DUPLICATE_METHOD_MATCH = YES;
				COPY_PHASE_STRIP = NO;
				DEBUG_INFORMATION_FORMAT = dwarf;
				ENABLE_STRICT_OBJC_MSGSEND = YES;
				ENABLE_TESTABILITY = YES;
				GCC_C_LANGUAGE_STANDARD = gnu11;
				GCC_DYNAMIC_NO_PIC = NO;
				GCC_NO_COMMON_BLOCKS = YES;
				GCC_OPTIMIZATION_LEVEL = 0;
				GCC_PREPROCESSOR_DEFINITIONS = (
					"DEBUG=1",
					"$(inherited)",
				);
				GCC_WARN_64_TO_32_BIT_CONVERSION = YES;
				GCC_WARN_ABOUT_RETURN_TYPE = YES_ERROR;
				GCC_WARN_UNDECLARED_SELECTOR = YES;
				GCC_WARN_UNINITIALIZED_AUTOS = YES_AGGRESSIVE;
				GCC_WARN_UNUSED_FUNCTION = YES;
				GCC_WARN_UNUSED_VARIABLE = YES;
				IPHONEOS_DEPLOYMENT_TARGET = 14.4;
				MTL_ENABLE_DEBUG_INFO = INCLUDE_SOURCE;
				MTL_FAST_MATH = YES;
				ONLY_ACTIVE_ARCH = YES;
				SDKROOT = iphoneos;
				SWIFT_ACTIVE_COMPILATION_CONDITIONS = DEBUG;
				SWIFT_OPTIMIZATION_LEVEL = "-Onone";
			};
			name = Debug;
		};
		ED2EA09F262CBDD700953204 /* Release */ = {
			isa = XCBuildConfiguration;
			buildSettings = {
				ALWAYS_SEARCH_USER_PATHS = NO;
				CLANG_ANALYZER_NONNULL = YES;
				CLANG_ANALYZER_NUMBER_OBJECT_CONVERSION = YES_AGGRESSIVE;
				CLANG_CXX_LANGUAGE_STANDARD = "gnu++14";
				CLANG_CXX_LIBRARY = "libc++";
				CLANG_ENABLE_MODULES = YES;
				CLANG_ENABLE_OBJC_ARC = YES;
				CLANG_ENABLE_OBJC_WEAK = YES;
				CLANG_WARN_BLOCK_CAPTURE_AUTORELEASING = YES;
				CLANG_WARN_BOOL_CONVERSION = YES;
				CLANG_WARN_COMMA = YES;
				CLANG_WARN_CONSTANT_CONVERSION = YES;
				CLANG_WARN_DEPRECATED_OBJC_IMPLEMENTATIONS = YES;
				CLANG_WARN_DIRECT_OBJC_ISA_USAGE = YES_ERROR;
				CLANG_WARN_DOCUMENTATION_COMMENTS = YES;
				CLANG_WARN_EMPTY_BODY = YES;
				CLANG_WARN_ENUM_CONVERSION = YES;
				CLANG_WARN_INFINITE_RECURSION = YES;
				CLANG_WARN_INT_CONVERSION = YES;
				CLANG_WARN_NON_LITERAL_NULL_CONVERSION = YES;
				CLANG_WARN_OBJC_IMPLICIT_RETAIN_SELF = YES;
				CLANG_WARN_OBJC_LITERAL_CONVERSION = YES;
				CLANG_WARN_OBJC_ROOT_CLASS = YES_ERROR;
				CLANG_WARN_QUOTED_INCLUDE_IN_FRAMEWORK_HEADER = YES;
				CLANG_WARN_RANGE_LOOP_ANALYSIS = YES;
				CLANG_WARN_STRICT_PROTOTYPES = YES;
				CLANG_WARN_SUSPICIOUS_MOVE = YES;
				CLANG_WARN_UNGUARDED_AVAILABILITY = YES_AGGRESSIVE;
				CLANG_WARN_UNREACHABLE_CODE = YES;
				CLANG_WARN__DUPLICATE_METHOD_MATCH = YES;
				COPY_PHASE_STRIP = NO;
				DEBUG_INFORMATION_FORMAT = "dwarf-with-dsym";
				ENABLE_NS_ASSERTIONS = NO;
				ENABLE_STRICT_OBJC_MSGSEND = YES;
				GCC_C_LANGUAGE_STANDARD = gnu11;
				GCC_NO_COMMON_BLOCKS = YES;
				GCC_WARN_64_TO_32_BIT_CONVERSION = YES;
				GCC_WARN_ABOUT_RETURN_TYPE = YES_ERROR;
				GCC_WARN_UNDECLARED_SELECTOR = YES;
				GCC_WARN_UNINITIALIZED_AUTOS = YES_AGGRESSIVE;
				GCC_WARN_UNUSED_FUNCTION = YES;
				GCC_WARN_UNUSED_VARIABLE = YES;
				IPHONEOS_DEPLOYMENT_TARGET = 14.4;
				MTL_ENABLE_DEBUG_INFO = NO;
				MTL_FAST_MATH = YES;
				SDKROOT = iphoneos;
				SWIFT_COMPILATION_MODE = wholemodule;
				SWIFT_OPTIMIZATION_LEVEL = "-O";
				VALIDATE_PRODUCT = YES;
			};
			name = Release;
		};
		ED2EA0A1262CBDD700953204 /* Debug */ = {
			isa = XCBuildConfiguration;
			buildSettings = {
				ASSETCATALOG_COMPILER_APPICON_NAME = AppIcon;
				ASSETCATALOG_COMPILER_GLOBAL_ACCENT_COLOR_NAME = AccentColor;
				CODE_SIGN_STYLE = Automatic;
				DEVELOPMENT_ASSET_PATHS = "\"Simple Weather App/Preview Content\"";
				DEVELOPMENT_TEAM = Z9C4ZWSUSE;
				ENABLE_PREVIEWS = YES;
				INFOPLIST_FILE = "Simple Weather App/Info.plist";
				IPHONEOS_DEPLOYMENT_TARGET = 14.0;
				LD_RUNPATH_SEARCH_PATHS = (
					"$(inherited)",
					"@executable_path/Frameworks",
				);
				PRODUCT_BUNDLE_IDENTIFIER = "unfv.Simple-Weather-App";
				PRODUCT_NAME = "$(TARGET_NAME)";
				SWIFT_VERSION = 5.0;
				TARGETED_DEVICE_FAMILY = "1,2";
			};
			name = Debug;
		};
		ED2EA0A2262CBDD700953204 /* Release */ = {
			isa = XCBuildConfiguration;
			buildSettings = {
				ASSETCATALOG_COMPILER_APPICON_NAME = AppIcon;
				ASSETCATALOG_COMPILER_GLOBAL_ACCENT_COLOR_NAME = AccentColor;
				CODE_SIGN_STYLE = Automatic;
				DEVELOPMENT_ASSET_PATHS = "\"Simple Weather App/Preview Content\"";
				DEVELOPMENT_TEAM = Z9C4ZWSUSE;
				ENABLE_PREVIEWS = YES;
				INFOPLIST_FILE = "Simple Weather App/Info.plist";
				IPHONEOS_DEPLOYMENT_TARGET = 14.0;
				LD_RUNPATH_SEARCH_PATHS = (
					"$(inherited)",
					"@executable_path/Frameworks",
				);
				PRODUCT_BUNDLE_IDENTIFIER = "unfv.Simple-Weather-App";
				PRODUCT_NAME = "$(TARGET_NAME)";
				SWIFT_VERSION = 5.0;
				TARGETED_DEVICE_FAMILY = "1,2";
			};
			name = Release;
		};
		ED2EA0A4262CBDD700953204 /* Debug */ = {
			isa = XCBuildConfiguration;
			buildSettings = {
				ALWAYS_EMBED_SWIFT_STANDARD_LIBRARIES = YES;
				BUNDLE_LOADER = "$(TEST_HOST)";
				CODE_SIGN_STYLE = Automatic;
				DEVELOPMENT_TEAM = Z9C4ZWSUSE;
				INFOPLIST_FILE = "Simple Weather AppTests/Info.plist";
				IPHONEOS_DEPLOYMENT_TARGET = 14.0;
				LD_RUNPATH_SEARCH_PATHS = (
					"$(inherited)",
					"@executable_path/Frameworks",
					"@loader_path/Frameworks",
				);
				PRODUCT_BUNDLE_IDENTIFIER = "unfv.Simple-Weather-AppTests";
				PRODUCT_NAME = "$(TARGET_NAME)";
				SWIFT_VERSION = 5.0;
				TARGETED_DEVICE_FAMILY = "1,2";
				TEST_HOST = "$(BUILT_PRODUCTS_DIR)/Simple Weather App.app/Simple Weather App";
			};
			name = Debug;
		};
		ED2EA0A5262CBDD700953204 /* Release */ = {
			isa = XCBuildConfiguration;
			buildSettings = {
				ALWAYS_EMBED_SWIFT_STANDARD_LIBRARIES = YES;
				BUNDLE_LOADER = "$(TEST_HOST)";
				CODE_SIGN_STYLE = Automatic;
				DEVELOPMENT_TEAM = Z9C4ZWSUSE;
				INFOPLIST_FILE = "Simple Weather AppTests/Info.plist";
				IPHONEOS_DEPLOYMENT_TARGET = 14.0;
				LD_RUNPATH_SEARCH_PATHS = (
					"$(inherited)",
					"@executable_path/Frameworks",
					"@loader_path/Frameworks",
				);
				PRODUCT_BUNDLE_IDENTIFIER = "unfv.Simple-Weather-AppTests";
				PRODUCT_NAME = "$(TARGET_NAME)";
				SWIFT_VERSION = 5.0;
				TARGETED_DEVICE_FAMILY = "1,2";
				TEST_HOST = "$(BUILT_PRODUCTS_DIR)/Simple Weather App.app/Simple Weather App";
			};
			name = Release;
		};
		ED2EA0A7262CBDD700953204 /* Debug */ = {
			isa = XCBuildConfiguration;
			buildSettings = {
				ALWAYS_EMBED_SWIFT_STANDARD_LIBRARIES = YES;
				CODE_SIGN_STYLE = Automatic;
				DEVELOPMENT_TEAM = Z9C4ZWSUSE;
				INFOPLIST_FILE = "Simple Weather AppUITests/Info.plist";
				LD_RUNPATH_SEARCH_PATHS = (
					"$(inherited)",
					"@executable_path/Frameworks",
					"@loader_path/Frameworks",
				);
				PRODUCT_BUNDLE_IDENTIFIER = "unfv.Simple-Weather-AppUITests";
				PRODUCT_NAME = "$(TARGET_NAME)";
				SWIFT_VERSION = 5.0;
				TARGETED_DEVICE_FAMILY = "1,2";
				TEST_TARGET_NAME = "Simple Weather App";
			};
			name = Debug;
		};
		ED2EA0A8262CBDD700953204 /* Release */ = {
			isa = XCBuildConfiguration;
			buildSettings = {
				ALWAYS_EMBED_SWIFT_STANDARD_LIBRARIES = YES;
				CODE_SIGN_STYLE = Automatic;
				DEVELOPMENT_TEAM = Z9C4ZWSUSE;
				INFOPLIST_FILE = "Simple Weather AppUITests/Info.plist";
				LD_RUNPATH_SEARCH_PATHS = (
					"$(inherited)",
					"@executable_path/Frameworks",
					"@loader_path/Frameworks",
				);
				PRODUCT_BUNDLE_IDENTIFIER = "unfv.Simple-Weather-AppUITests";
				PRODUCT_NAME = "$(TARGET_NAME)";
				SWIFT_VERSION = 5.0;
				TARGETED_DEVICE_FAMILY = "1,2";
				TEST_TARGET_NAME = "Simple Weather App";
			};
			name = Release;
		};
/* End XCBuildConfiguration section */

/* Begin XCConfigurationList section */
		ED2EA076262CBDD200953204 /* Build configuration list for PBXProject "Simple Weather App" */ = {
			isa = XCConfigurationList;
			buildConfigurations = (
				ED2EA09E262CBDD700953204 /* Debug */,
				ED2EA09F262CBDD700953204 /* Release */,
			);
			defaultConfigurationIsVisible = 0;
			defaultConfigurationName = Release;
		};
		ED2EA0A0262CBDD700953204 /* Build configuration list for PBXNativeTarget "Simple Weather App" */ = {
			isa = XCConfigurationList;
			buildConfigurations = (
				ED2EA0A1262CBDD700953204 /* Debug */,
				ED2EA0A2262CBDD700953204 /* Release */,
			);
			defaultConfigurationIsVisible = 0;
			defaultConfigurationName = Release;
		};
		ED2EA0A3262CBDD700953204 /* Build configuration list for PBXNativeTarget "Simple Weather AppTests" */ = {
			isa = XCConfigurationList;
			buildConfigurations = (
				ED2EA0A4262CBDD700953204 /* Debug */,
				ED2EA0A5262CBDD700953204 /* Release */,
			);
			defaultConfigurationIsVisible = 0;
			defaultConfigurationName = Release;
		};
		ED2EA0A6262CBDD700953204 /* Build configuration list for PBXNativeTarget "Simple Weather AppUITests" */ = {
			isa = XCConfigurationList;
			buildConfigurations = (
				ED2EA0A7262CBDD700953204 /* Debug */,
				ED2EA0A8262CBDD700953204 /* Release */,
			);
			defaultConfigurationIsVisible = 0;
			defaultConfigurationName = Release;
		};
/* End XCConfigurationList section */
	};
	rootObject = ED2EA073262CBDD200953204 /* Project object */;
}
